
Microsoft Visual Studio Solution File, Format Version 12.00
# Visual Studio 15
VisualStudioVersion = 15.0.28307.421
MinimumVisualStudioVersion = 10.0.40219.1
Project("{9A19103F-16F7-4668-BE54-9A1E7A4F7556}") = "BankNumbers", "BankNumbers\BankNumbers.csproj", "{4542F0F1-3C03-4CBC-B550-5BD4138FD198}"
EndProject
Global
	GlobalSection(SolutionConfigurationPlatforms) = preSolution
		Debug|Any CPU = Debug|Any CPU
		exe|Any CPU = exe|Any CPU
		Release|Any CPU = Release|Any CPU
	EndGlobalSection
	GlobalSection(ProjectConfigurationPlatforms) = postSolution
		{4542F0F1-3C03-4CBC-B550-5BD4138FD198}.Debug|Any CPU.ActiveCfg = Debug|Any CPU
		{4542F0F1-3C03-4CBC-B550-5BD4138FD198}.Debug|Any CPU.Build.0 = Debug|Any CPU
		{4542F0F1-3C03-4CBC-B550-5BD4138FD198}.exe|Any CPU.ActiveCfg = Release|Any CPU
		{4542F0F1-3C03-4CBC-B550-5BD4138FD198}.exe|Any CPU.Build.0 = Release|Any CPU
		{4542F0F1-3C03-4CBC-B550-5BD4138FD198}.Release|Any CPU.ActiveCfg = Release|Any CPU
		{4542F0F1-3C03-4CBC-B550-5BD4138FD198}.Release|Any CPU.Build.0 = Release|Any CPU
	EndGlobalSection
	GlobalSection(SolutionProperties) = preSolution
		HideSolutionNode = FALSE
	EndGlobalSection
	GlobalSection(ExtensibilityGlobals) = postSolution
		SolutionGuid = {D651FF72-C0C2-4282-8AFF-2662D6CB8506}
	EndGlobalSection
EndGlobal
