
Microsoft Visual Studio Solution File, Format Version 12.00
# Visual Studio Version 16
VisualStudioVersion = 16.0.29306.81
MinimumVisualStudioVersion = 10.0.40219.1
Project("{FAE04EC0-301F-11D3-BF4B-00C04F79EFBC}") = "BankNumbers", "BankNumbers\BankNumbers.csproj", "{4542F0F1-3C03-4CBC-B550-5BD4138FD198}"
EndProject
Global
	GlobalSection(SolutionConfigurationPlatforms) = preSolution
		Debug|Any CPU = Debug|Any CPU
		Release|Any CPU = Release|Any CPU
	EndGlobalSection
	GlobalSection(ProjectConfigurationPlatforms) = postSolution
		{4542F0F1-3C03-4CBC-B550-5BD4138FD198}.Debug|Any CPU.ActiveCfg = Debug|Any CPU
		{4542F0F1-3C03-4CBC-B550-5BD4138FD198}.Debug|Any CPU.Build.0 = Debug|Any CPU
		{4542F0F1-3C03-4CBC-B550-5BD4138FD198}.Release|Any CPU.ActiveCfg = Release|Any CPU
		{4542F0F1-3C03-4CBC-B550-5BD4138FD198}.Release|Any CPU.Build.0 = Release|Any CPU
	EndGlobalSection
	GlobalSection(SolutionProperties) = preSolution
		HideSolutionNode = FALSE
	EndGlobalSection
	GlobalSection(ExtensibilityGlobals) = postSolution
		SolutionGuid = {D651FF72-C0C2-4282-8AFF-2662D6CB8506}
	EndGlobalSection
EndGlobal
